
Microsoft Visual Studio Solution File, Format Version 12.00
# Visual Studio Version 16
VisualStudioVersion = 16.0.32413.511
MinimumVisualStudioVersion = 10.0.40219.1
Project("{FAE04EC0-301F-11D3-BF4B-00C04F79EFBC}") = "VSAssignment", "VSAssignment\VSAssignment.csproj", "{2999F60C-4742-47F6-AFA0-347EB17E6638}"
EndProject
Global
	GlobalSection(SolutionConfigurationPlatforms) = preSolution
		Debug|Any CPU = Debug|Any CPU
		Release|Any CPU = Release|Any CPU
	EndGlobalSection
	GlobalSection(ProjectConfigurationPlatforms) = postSolution
		{2999F60C-4742-47F6-AFA0-347EB17E6638}.Debug|Any CPU.ActiveCfg = Debug|Any CPU
		{2999F60C-4742-47F6-AFA0-347EB17E6638}.Debug|Any CPU.Build.0 = Debug|Any CPU
		{2999F60C-4742-47F6-AFA0-347EB17E6638}.Release|Any CPU.ActiveCfg = Release|Any CPU
		{2999F60C-4742-47F6-AFA0-347EB17E6638}.Release|Any CPU.Build.0 = Release|Any CPU
	EndGlobalSection
	GlobalSection(SolutionProperties) = preSolution
		HideSolutionNode = FALSE
	EndGlobalSection
	GlobalSection(ExtensibilityGlobals) = postSolution
		SolutionGuid = {AC93545A-CA7B-4F8E-9072-55CDAFE5C19B}
	EndGlobalSection
EndGlobal
